PODS:
  - Bugsnag (5.1.0):
    - KSCrash/RecordingAdvanced (~> 1.0.3)
  - DATAFilter (0.9.1):
    - DATAObjectIDs (~> 0.5.1)
  - DATAObjectIDs (0.5.1)
  - DATAStack (4.2.3)
  - KSCrash/no-arc (1.0.3)
  - KSCrash/Recording (1.0.3):
    - KSCrash/no-arc
  - KSCrash/RecordingAdvanced (1.0.3):
    - KSCrash/Recording
  - NSDictionary-ANDYSafeValue (0.3.1)
  - NSEntityDescription-SYNCPrimaryKey (0.1.2):
    - NSString-HYPNetworking (~> 0.4.0)
  - NSManagedObject-HYPPropertyMapper (3.6.0):
    - NSString-HYPNetworking (~> 0.4.0)
  - NSString-HYPNetworking (0.4.0)
  - PageMenu (1.2.9)
  - QRCodeReader.swift (5.3.1)
  - RSBarcodes_Swift (0.1.9)
  - Sync (1.6.2):
    - DATAFilter (~> 0.9.1)
    - DATAStack (~> 4.2.2)
    - NSDictionary-ANDYSafeValue (~> 0.3.1)
    - NSEntityDescription-SYNCPrimaryKey (~> 0.1.2)
    - NSManagedObject-HYPPropertyMapper (~> 3.6.0)

DEPENDENCIES:
  - Bugsnag (from `https://github.com/bugsnag/bugsnag-cocoa.git`)
  - DATAStack
  - PageMenu
  - QRCodeReader.swift (~> 5.3.1)
  - RSBarcodes_Swift (~> 0.1.5)
  - Sync

EXTERNAL SOURCES:
  Bugsnag:
    :git: https://github.com/bugsnag/bugsnag-cocoa.git

CHECKOUT OPTIONS:
  Bugsnag:
    :commit: 9ca3d0094831fdcea1998b246e164c8c714ae659
    :git: https://github.com/bugsnag/bugsnag-cocoa.git

SPEC CHECKSUMS:
  Bugsnag: f766e45078ebdcf621e26739d41a1d26228d3988
  DATAFilter: 4a1bdc065847e19d9fa1c9dd92ed2d85847967a1
  DATAObjectIDs: 33db74dd1c858c2d22a45a4013c95f1082182e4e
  DATAStack: c48060416ef9a3df9f9fac70b8c5f6c19dac196e
  KSCrash: e8f1367230da7e33f37deb7329c299079202b07e
  NSDictionary-ANDYSafeValue: 2d7adf339b6e302d71fec5f1d71ae00aacda993e
  NSEntityDescription-SYNCPrimaryKey: 9a2b2f7b838913eb445f20cc2f2edca7281fcfa5
  NSManagedObject-HYPPropertyMapper: dbcaa74a43b522d45dacf1ad1c56b41ef008a0c0
  NSString-HYPNetworking: 24c3828eebde8a37cc16101a475934a56ac820c0
  PageMenu: ba19ff267f7a19e444e93c20a7847b78954a7011
  QRCodeReader.swift: 6aa05e4b9123f5bbbe1e7f1d5df28d590cc56775
  RSBarcodes_Swift: 3c37a05faa0c8742739e1b47eec2f0d3d786330f
  Sync: 1a1ce76e87f6a532da8167f4f80a6f8699413a29

PODFILE CHECKSUM: f041ddcbe284d6caa866adadf9497e20cdd407c7

COCOAPODS: 1.2.0
