// !$*UTF8*$!
{
	archiveVersion = 1;
	classes = {
	};
	objectVersion = 46;
	objects = {

/* Begin PBXBuildFile section */
		3A4906641CBFFDF100D85C5E /* AppDelegate.swift in Sources */ = {isa = PBXBuildFile; fileRef = 3A4906631CBFFDF100D85C5E /* AppDelegate.swift */; };
		3A4906661CBFFDF100D85C5E /* ViewController.swift in Sources */ = {isa = PBXBuildFile; fileRef = 3A4906651CBFFDF100D85C5E /* ViewController.swift */; };
		3A4906691CBFFDF100D85C5E /* Main.storyboard in Resources */ = {isa = PBXBuildFile; fileRef = 3A4906671CBFFDF100D85C5E /* Main.storyboard */; };
		3A49066C1CBFFDF100D85C5E /* Tubulus.xcdatamodeld in Sources */ = {isa = PBXBuildFile; fileRef = 3A49066A1CBFFDF100D85C5E /* Tubulus.xcdatamodeld */; };
		3A49066E1CBFFDF100D85C5E /* Assets.xcassets in Resources */ = {isa = PBXBuildFile; fileRef = 3A49066D1CBFFDF100D85C5E /* Assets.xcassets */; };
		3A4906711CBFFDF100D85C5E /* LaunchScreen.storyboard in Resources */ = {isa = PBXBuildFile; fileRef = 3A49066F1CBFFDF100D85C5E /* LaunchScreen.storyboard */; };
		3A49067C1CBFFDF200D85C5E /* BarCodeCalcTests.swift in Sources */ = {isa = PBXBuildFile; fileRef = 3A49067B1CBFFDF200D85C5E /* BarCodeCalcTests.swift */; };
		3A4906871CC0054600D85C5E /* BarCodeCalc.swift in Sources */ = {isa = PBXBuildFile; fileRef = 3A4906861CC0054600D85C5E /* BarCodeCalc.swift */; };
		3A49068A1CC0058900D85C5E /* Toast.swift in Sources */ = {isa = PBXBuildFile; fileRef = 3A4906881CC0058900D85C5E /* Toast.swift */; };
		3A49068B1CC0058900D85C5E /* Extensions.swift in Sources */ = {isa = PBXBuildFile; fileRef = 3A4906891CC0058900D85C5E /* Extensions.swift */; };
		3A49068D1CC1C93500D85C5E /* AlertHandlerTests.swift in Sources */ = {isa = PBXBuildFile; fileRef = 3A49068C1CC1C93400D85C5E /* AlertHandlerTests.swift */; };
		3A4906901CC1C9A700D85C5E /* Document+CoreDataProperties.swift in Sources */ = {isa = PBXBuildFile; fileRef = 3A49068E1CC1C9A700D85C5E /* Document+CoreDataProperties.swift */; };
		3A4906911CC1C9A700D85C5E /* Document.swift in Sources */ = {isa = PBXBuildFile; fileRef = 3A49068F1CC1C9A700D85C5E /* Document.swift */; };
		3A4906951CC1CAFB00D85C5E /* AlertHandler.swift in Sources */ = {isa = PBXBuildFile; fileRef = 3A4906941CC1CAFB00D85C5E /* AlertHandler.swift */; };
		3A4906971CC1CB1100D85C5E /* PlistHelper.swift in Sources */ = {isa = PBXBuildFile; fileRef = 3A4906961CC1CB1100D85C5E /* PlistHelper.swift */; };
		3A4906991CC1CB2100D85C5E /* Config.plist in Resources */ = {isa = PBXBuildFile; fileRef = 3A4906981CC1CB2100D85C5E /* Config.plist */; };
		3A49069B1CC1CB6B00D85C5E /* FPHandlesMOC.swift in Sources */ = {isa = PBXBuildFile; fileRef = 3A49069A1CC1CB6B00D85C5E /* FPHandlesMOC.swift */; };
		3A49069D1CC1CBEC00D85C5E /* PlistHelperTests.swift in Sources */ = {isa = PBXBuildFile; fileRef = 3A49069C1CC1CBEC00D85C5E /* PlistHelperTests.swift */; };
		D563D9592805C611CAD2BF2D /* Pods_Tubulus.framework in Frameworks */ = {isa = PBXBuildFile; fileRef = B94BDFF2C56D4DF7C399C33B /* Pods_Tubulus.framework */; };
		E044CC08EA3FCDE743001C9E /* Pods_TubulusTests.framework in Frameworks */ = {isa = PBXBuildFile; fileRef = 7E35D10F55E2003233E5F177 /* Pods_TubulusTests.framework */; };
/* End PBXBuildFile section */

/* Begin PBXContainerItemProxy section */
		3A4906781CBFFDF200D85C5E /* PBXContainerItemProxy */ = {
			isa = PBXContainerItemProxy;
			containerPortal = 3A4906581CBFFDF100D85C5E /* Project object */;
			proxyType = 1;
			remoteGlobalIDString = 3A49065F1CBFFDF100D85C5E;
			remoteInfo = Tubulus;
		};
/* End PBXContainerItemProxy section */

/* Begin PBXFileReference section */
		2C3DEA43E6161EB8F732152B /* Pods-TubulusTests.release.xcconfig */ = {isa = PBXFileReference; includeInIndex = 1; lastKnownFileType = text.xcconfig; name = "Pods-TubulusTests.release.xcconfig"; path = "Pods/Target Support Files/Pods-TubulusTests/Pods-TubulusTests.release.xcconfig"; sourceTree = "<group>"; };
		3A4906601CBFFDF100D85C5E /* Tubulus.app */ = {isa = PBXFileReference; explicitFileType = wrapper.application; includeInIndex = 0; path = Tubulus.app; sourceTree = BUILT_PRODUCTS_DIR; };
		3A4906631CBFFDF100D85C5E /* AppDelegate.swift */ = {isa = PBXFileReference; lastKnownFileType = sourcecode.swift; path = AppDelegate.swift; sourceTree = "<group>"; };
		3A4906651CBFFDF100D85C5E /* ViewController.swift */ = {isa = PBXFileReference; lastKnownFileType = sourcecode.swift; path = ViewController.swift; sourceTree = "<group>"; };
		3A4906681CBFFDF100D85C5E /* Base */ = {isa = PBXFileReference; lastKnownFileType = file.storyboard; name = Base; path = Base.lproj/Main.storyboard; sourceTree = "<group>"; };
		3A49066B1CBFFDF100D85C5E /* Tubulus.xcdatamodel */ = {isa = PBXFileReference; lastKnownFileType = wrapper.xcdatamodel; path = Tubulus.xcdatamodel; sourceTree = "<group>"; };
		3A49066D1CBFFDF100D85C5E /* Assets.xcassets */ = {isa = PBXFileReference; lastKnownFileType = folder.assetcatalog; path = Assets.xcassets; sourceTree = "<group>"; };
		3A4906701CBFFDF100D85C5E /* Base */ = {isa = PBXFileReference; lastKnownFileType = file.storyboard; name = Base; path = Base.lproj/LaunchScreen.storyboard; sourceTree = "<group>"; };
		3A4906721CBFFDF100D85C5E /* Info.plist */ = {isa = PBXFileReference; lastKnownFileType = text.plist.xml; path = Info.plist; sourceTree = "<group>"; };
		3A4906771CBFFDF200D85C5E /* TubulusTests.xctest */ = {isa = PBXFileReference; explicitFileType = wrapper.cfbundle; includeInIndex = 0; path = TubulusTests.xctest; sourceTree = BUILT_PRODUCTS_DIR; };
		3A49067B1CBFFDF200D85C5E /* BarCodeCalcTests.swift */ = {isa = PBXFileReference; lastKnownFileType = sourcecode.swift; path = BarCodeCalcTests.swift; sourceTree = "<group>"; };
		3A49067D1CBFFDF200D85C5E /* Info.plist */ = {isa = PBXFileReference; lastKnownFileType = text.plist.xml; path = Info.plist; sourceTree = "<group>"; };
		3A4906861CC0054600D85C5E /* BarCodeCalc.swift */ = {isa = PBXFileReference; fileEncoding = 4; lastKnownFileType = sourcecode.swift; path = BarCodeCalc.swift; sourceTree = "<group>"; };
		3A4906881CC0058900D85C5E /* Toast.swift */ = {isa = PBXFileReference; fileEncoding = 4; lastKnownFileType = sourcecode.swift; path = Toast.swift; sourceTree = "<group>"; };
		3A4906891CC0058900D85C5E /* Extensions.swift */ = {isa = PBXFileReference; fileEncoding = 4; lastKnownFileType = sourcecode.swift; path = Extensions.swift; sourceTree = "<group>"; };
		3A49068C1CC1C93400D85C5E /* AlertHandlerTests.swift */ = {isa = PBXFileReference; fileEncoding = 4; lastKnownFileType = sourcecode.swift; path = AlertHandlerTests.swift; sourceTree = "<group>"; };
		3A49068E1CC1C9A700D85C5E /* Document+CoreDataProperties.swift */ = {isa = PBXFileReference; fileEncoding = 4; lastKnownFileType = sourcecode.swift; path = "Document+CoreDataProperties.swift"; sourceTree = "<group>"; };
		3A49068F1CC1C9A700D85C5E /* Document.swift */ = {isa = PBXFileReference; fileEncoding = 4; lastKnownFileType = sourcecode.swift; path = Document.swift; sourceTree = "<group>"; };
		3A4906941CC1CAFB00D85C5E /* AlertHandler.swift */ = {isa = PBXFileReference; fileEncoding = 4; lastKnownFileType = sourcecode.swift; path = AlertHandler.swift; sourceTree = "<group>"; };
		3A4906961CC1CB1100D85C5E /* PlistHelper.swift */ = {isa = PBXFileReference; fileEncoding = 4; lastKnownFileType = sourcecode.swift; path = PlistHelper.swift; sourceTree = "<group>"; };
		3A4906981CC1CB2100D85C5E /* Config.plist */ = {isa = PBXFileReference; fileEncoding = 4; lastKnownFileType = text.plist.xml; path = Config.plist; sourceTree = "<group>"; };
		3A49069A1CC1CB6B00D85C5E /* FPHandlesMOC.swift */ = {isa = PBXFileReference; fileEncoding = 4; lastKnownFileType = sourcecode.swift; path = FPHandlesMOC.swift; sourceTree = "<group>"; };
		3A49069C1CC1CBEC00D85C5E /* PlistHelperTests.swift */ = {isa = PBXFileReference; fileEncoding = 4; lastKnownFileType = sourcecode.swift; path = PlistHelperTests.swift; sourceTree = "<group>"; };
		6504B621055F69ED870044AF /* Pods-Tubulus.debug.xcconfig */ = {isa = PBXFileReference; includeInIndex = 1; lastKnownFileType = text.xcconfig; name = "Pods-Tubulus.debug.xcconfig"; path = "Pods/Target Support Files/Pods-Tubulus/Pods-Tubulus.debug.xcconfig"; sourceTree = "<group>"; };
		7E35D10F55E2003233E5F177 /* Pods_TubulusTests.framework */ = {isa = PBXFileReference; explicitFileType = wrapper.framework; includeInIndex = 0; path = Pods_TubulusTests.framework; sourceTree = BUILT_PRODUCTS_DIR; };
		7F72E6EB5C2D4D11381452A9 /* Pods-Tubulus.release.xcconfig */ = {isa = PBXFileReference; includeInIndex = 1; lastKnownFileType = text.xcconfig; name = "Pods-Tubulus.release.xcconfig"; path = "Pods/Target Support Files/Pods-Tubulus/Pods-Tubulus.release.xcconfig"; sourceTree = "<group>"; };
		B94BDFF2C56D4DF7C399C33B /* Pods_Tubulus.framework */ = {isa = PBXFileReference; explicitFileType = wrapper.framework; includeInIndex = 0; path = Pods_Tubulus.framework; sourceTree = BUILT_PRODUCTS_DIR; };
		C4F057328314D3CB9732A1ED /* Pods-TubulusTests.debug.xcconfig */ = {isa = PBXFileReference; includeInIndex = 1; lastKnownFileType = text.xcconfig; name = "Pods-TubulusTests.debug.xcconfig"; path = "Pods/Target Support Files/Pods-TubulusTests/Pods-TubulusTests.debug.xcconfig"; sourceTree = "<group>"; };
/* End PBXFileReference section */

/* Begin PBXFrameworksBuildPhase section */
		3A49065D1CBFFDF100D85C5E /* Frameworks */ = {
			isa = PBXFrameworksBuildPhase;
			buildActionMask = 2147483647;
			files = (
				D563D9592805C611CAD2BF2D /* Pods_Tubulus.framework in Frameworks */,
			);
			runOnlyForDeploymentPostprocessing = 0;
		};
		3A4906741CBFFDF200D85C5E /* Frameworks */ = {
			isa = PBXFrameworksBuildPhase;
			buildActionMask = 2147483647;
			files = (
				E044CC08EA3FCDE743001C9E /* Pods_TubulusTests.framework in Frameworks */,
			);
			runOnlyForDeploymentPostprocessing = 0;
		};
/* End PBXFrameworksBuildPhase section */

/* Begin PBXGroup section */
		3A4906571CBFFDF100D85C5E = {
			isa = PBXGroup;
			children = (
				3A4906621CBFFDF100D85C5E /* Tubulus */,
				3A49067A1CBFFDF200D85C5E /* TubulusTests */,
				3A4906611CBFFDF100D85C5E /* Products */,
				A663EB1F507B569D183E1870 /* Pods */,
				BCAF52B5652279B341BBC44F /* Frameworks */,
			);
			sourceTree = "<group>";
		};
		3A4906611CBFFDF100D85C5E /* Products */ = {
			isa = PBXGroup;
			children = (
				3A4906601CBFFDF100D85C5E /* Tubulus.app */,
				3A4906771CBFFDF200D85C5E /* TubulusTests.xctest */,
			);
			name = Products;
			sourceTree = "<group>";
		};
		3A4906621CBFFDF100D85C5E /* Tubulus */ = {
			isa = PBXGroup;
			children = (
				3A4906921CC1C9AC00D85C5E /* Model */,
				3A4906631CBFFDF100D85C5E /* AppDelegate.swift */,
				3A4906651CBFFDF100D85C5E /* ViewController.swift */,
				3A49069A1CC1CB6B00D85C5E /* FPHandlesMOC.swift */,
				3A4906671CBFFDF100D85C5E /* Main.storyboard */,
				3A49066D1CBFFDF100D85C5E /* Assets.xcassets */,
				3A49066F1CBFFDF100D85C5E /* LaunchScreen.storyboard */,
				3A4906721CBFFDF100D85C5E /* Info.plist */,
				3A49066A1CBFFDF100D85C5E /* Tubulus.xcdatamodeld */,
				3A4906981CC1CB2100D85C5E /* Config.plist */,
				3A4906881CC0058900D85C5E /* Toast.swift */,
				3A4906891CC0058900D85C5E /* Extensions.swift */,
			);
			path = Tubulus;
			sourceTree = "<group>";
		};
		3A49067A1CBFFDF200D85C5E /* TubulusTests */ = {
			isa = PBXGroup;
			children = (
				3A49067B1CBFFDF200D85C5E /* BarCodeCalcTests.swift */,
				3A49067D1CBFFDF200D85C5E /* Info.plist */,
				3A49068C1CC1C93400D85C5E /* AlertHandlerTests.swift */,
				3A49069C1CC1CBEC00D85C5E /* PlistHelperTests.swift */,
			);
			path = TubulusTests;
			sourceTree = "<group>";
		};
		3A4906921CC1C9AC00D85C5E /* Model */ = {
			isa = PBXGroup;
			children = (
				3A4906861CC0054600D85C5E /* BarCodeCalc.swift */,
				3A4906941CC1CAFB00D85C5E /* AlertHandler.swift */,
				3A4906961CC1CB1100D85C5E /* PlistHelper.swift */,
				3A4906931CC1C9B400D85C5E /* CoreData */,
			);
			name = Model;
			sourceTree = "<group>";
		};
		3A4906931CC1C9B400D85C5E /* CoreData */ = {
			isa = PBXGroup;
			children = (
				3A49068E1CC1C9A700D85C5E /* Document+CoreDataProperties.swift */,
				3A49068F1CC1C9A700D85C5E /* Document.swift */,
			);
			name = CoreData;
			sourceTree = "<group>";
		};
		A663EB1F507B569D183E1870 /* Pods */ = {
			isa = PBXGroup;
			children = (
				6504B621055F69ED870044AF /* Pods-Tubulus.debug.xcconfig */,
				7F72E6EB5C2D4D11381452A9 /* Pods-Tubulus.release.xcconfig */,
				C4F057328314D3CB9732A1ED /* Pods-TubulusTests.debug.xcconfig */,
				2C3DEA43E6161EB8F732152B /* Pods-TubulusTests.release.xcconfig */,
			);
			name = Pods;
			sourceTree = "<group>";
		};
		BCAF52B5652279B341BBC44F /* Frameworks */ = {
			isa = PBXGroup;
			children = (
				B94BDFF2C56D4DF7C399C33B /* Pods_Tubulus.framework */,
				7E35D10F55E2003233E5F177 /* Pods_TubulusTests.framework */,
			);
			name = Frameworks;
			sourceTree = "<group>";
		};
/* End PBXGroup section */

/* Begin PBXNativeTarget section */
		3A49065F1CBFFDF100D85C5E /* Tubulus */ = {
			isa = PBXNativeTarget;
			buildConfigurationList = 3A4906801CBFFDF200D85C5E /* Build configuration list for PBXNativeTarget "Tubulus" */;
			buildPhases = (
				DBB746A697215806B188C41C /* Check Pods Manifest.lock */,
				3A49065C1CBFFDF100D85C5E /* Sources */,
				3A49065D1CBFFDF100D85C5E /* Frameworks */,
				3A49065E1CBFFDF100D85C5E /* Resources */,
				8562D6CFD957D61C5FFCE765 /* Embed Pods Frameworks */,
				5B2136BA5F94DD81D23EC58F /* Copy Pods Resources */,
			);
			buildRules = (
			);
			dependencies = (
			);
			name = Tubulus;
			productName = Tubulus;
			productReference = 3A4906601CBFFDF100D85C5E /* Tubulus.app */;
			productType = "com.apple.product-type.application";
		};
		3A4906761CBFFDF200D85C5E /* TubulusTests */ = {
			isa = PBXNativeTarget;
			buildConfigurationList = 3A4906831CBFFDF200D85C5E /* Build configuration list for PBXNativeTarget "TubulusTests" */;
			buildPhases = (
				B0E7CB6D4A575E48B26A650C /* Check Pods Manifest.lock */,
				3A4906731CBFFDF200D85C5E /* Sources */,
				3A4906741CBFFDF200D85C5E /* Frameworks */,
				3A4906751CBFFDF200D85C5E /* Resources */,
				1E8E4944E4BDF001700B32A4 /* Embed Pods Frameworks */,
				C91FC1D78C04AEE9E96073B4 /* Copy Pods Resources */,
			);
			buildRules = (
			);
			dependencies = (
				3A4906791CBFFDF200D85C5E /* PBXTargetDependency */,
			);
			name = TubulusTests;
			productName = TubulusTests;
			productReference = 3A4906771CBFFDF200D85C5E /* TubulusTests.xctest */;
			productType = "com.apple.product-type.bundle.unit-test";
		};
/* End PBXNativeTarget section */

/* Begin PBXProject section */
		3A4906581CBFFDF100D85C5E /* Project object */ = {
			isa = PBXProject;
			attributes = {
				LastSwiftUpdateCheck = 0730;
				LastUpgradeCheck = 0730;
				ORGANIZATIONNAME = "Felipe Dias Pereira";
				TargetAttributes = {
					3A49065F1CBFFDF100D85C5E = {
						CreatedOnToolsVersion = 7.3;
					};
					3A4906761CBFFDF200D85C5E = {
						CreatedOnToolsVersion = 7.3;
						TestTargetID = 3A49065F1CBFFDF100D85C5E;
					};
				};
			};
			buildConfigurationList = 3A49065B1CBFFDF100D85C5E /* Build configuration list for PBXProject "Tubulus" */;
			compatibilityVersion = "Xcode 3.2";
			developmentRegion = English;
			hasScannedForEncodings = 0;
			knownRegions = (
				en,
				Base,
			);
			mainGroup = 3A4906571CBFFDF100D85C5E;
			productRefGroup = 3A4906611CBFFDF100D85C5E /* Products */;
			projectDirPath = "";
			projectRoot = "";
			targets = (
				3A49065F1CBFFDF100D85C5E /* Tubulus */,
				3A4906761CBFFDF200D85C5E /* TubulusTests */,
			);
		};
/* End PBXProject section */

/* Begin PBXResourcesBuildPhase section */
		3A49065E1CBFFDF100D85C5E /* Resources */ = {
			isa = PBXResourcesBuildPhase;
			buildActionMask = 2147483647;
			files = (
				3A4906991CC1CB2100D85C5E /* Config.plist in Resources */,
				3A4906711CBFFDF100D85C5E /* LaunchScreen.storyboard in Resources */,
				3A49066E1CBFFDF100D85C5E /* Assets.xcassets in Resources */,
				3A4906691CBFFDF100D85C5E /* Main.storyboard in Resources */,
			);
			runOnlyForDeploymentPostprocessing = 0;
		};
		3A4906751CBFFDF200D85C5E /* Resources */ = {
			isa = PBXResourcesBuildPhase;
			buildActionMask = 2147483647;
			files = (
			);
			runOnlyForDeploymentPostprocessing = 0;
		};
/* End PBXResourcesBuildPhase section */

/* Begin PBXShellScriptBuildPhase section */
		1E8E4944E4BDF001700B32A4 /* Embed Pods Frameworks */ = {
			isa = PBXShellScriptBuildPhase;
			buildActionMask = 2147483647;
			files = (
			);
			inputPaths = (
			);
			name = "Embed Pods Frameworks";
			outputPaths = (
			);
			runOnlyForDeploymentPostprocessing = 0;
			shellPath = /bin/sh;
			shellScript = "\"${SRCROOT}/Pods/Target Support Files/Pods-TubulusTests/Pods-TubulusTests-frameworks.sh\"\n";
			showEnvVarsInLog = 0;
		};
		5B2136BA5F94DD81D23EC58F /* Copy Pods Resources */ = {
			isa = PBXShellScriptBuildPhase;
			buildActionMask = 2147483647;
			files = (
			);
			inputPaths = (
			);
			name = "Copy Pods Resources";
			outputPaths = (
			);
			runOnlyForDeploymentPostprocessing = 0;
			shellPath = /bin/sh;
			shellScript = "\"${SRCROOT}/Pods/Target Support Files/Pods-Tubulus/Pods-Tubulus-resources.sh\"\n";
			showEnvVarsInLog = 0;
		};
		8562D6CFD957D61C5FFCE765 /* Embed Pods Frameworks */ = {
			isa = PBXShellScriptBuildPhase;
			buildActionMask = 2147483647;
			files = (
			);
			inputPaths = (
			);
			name = "Embed Pods Frameworks";
			outputPaths = (
			);
			runOnlyForDeploymentPostprocessing = 0;
			shellPath = /bin/sh;
			shellScript = "\"${SRCROOT}/Pods/Target Support Files/Pods-Tubulus/Pods-Tubulus-frameworks.sh\"\n";
			showEnvVarsInLog = 0;
		};
		B0E7CB6D4A575E48B26A650C /* Check Pods Manifest.lock */ = {
			isa = PBXShellScriptBuildPhase;
			buildActionMask = 2147483647;
			files = (
			);
			inputPaths = (
			);
			name = "Check Pods Manifest.lock";
			outputPaths = (
			);
			runOnlyForDeploymentPostprocessing = 0;
			shellPath = /bin/sh;
			shellScript = "diff \"${PODS_ROOT}/../Podfile.lock\" \"${PODS_ROOT}/Manifest.lock\" > /dev/null\nif [[ $? != 0 ]] ; then\n    cat << EOM\nerror: The sandbox is not in sync with the Podfile.lock. Run 'pod install' or update your CocoaPods installation.\nEOM\n    exit 1\nfi\n";
			showEnvVarsInLog = 0;
		};
		C91FC1D78C04AEE9E96073B4 /* Copy Pods Resources */ = {
			isa = PBXShellScriptBuildPhase;
			buildActionMask = 2147483647;
			files = (
			);
			inputPaths = (
			);
			name = "Copy Pods Resources";
			outputPaths = (
			);
			runOnlyForDeploymentPostprocessing = 0;
			shellPath = /bin/sh;
			shellScript = "\"${SRCROOT}/Pods/Target Support Files/Pods-TubulusTests/Pods-TubulusTests-resources.sh\"\n";
			showEnvVarsInLog = 0;
		};
		DBB746A697215806B188C41C /* Check Pods Manifest.lock */ = {
			isa = PBXShellScriptBuildPhase;
			buildActionMask = 2147483647;
			files = (
			);
			inputPaths = (
			);
			name = "Check Pods Manifest.lock";
			outputPaths = (
			);
			runOnlyForDeploymentPostprocessing = 0;
			shellPath = /bin/sh;
			shellScript = "diff \"${PODS_ROOT}/../Podfile.lock\" \"${PODS_ROOT}/Manifest.lock\" > /dev/null\nif [[ $? != 0 ]] ; then\n    cat << EOM\nerror: The sandbox is not in sync with the Podfile.lock. Run 'pod install' or update your CocoaPods installation.\nEOM\n    exit 1\nfi\n";
			showEnvVarsInLog = 0;
		};
/* End PBXShellScriptBuildPhase section */

/* Begin PBXSourcesBuildPhase section */
		3A49065C1CBFFDF100D85C5E /* Sources */ = {
			isa = PBXSourcesBuildPhase;
			buildActionMask = 2147483647;
			files = (
				3A4906911CC1C9A700D85C5E /* Document.swift in Sources */,
				3A49066C1CBFFDF100D85C5E /* Tubulus.xcdatamodeld in Sources */,
				3A4906971CC1CB1100D85C5E /* PlistHelper.swift in Sources */,
				3A49068B1CC0058900D85C5E /* Extensions.swift in Sources */,
				3A4906951CC1CAFB00D85C5E /* AlertHandler.swift in Sources */,
				3A4906901CC1C9A700D85C5E /* Document+CoreDataProperties.swift in Sources */,
				3A4906661CBFFDF100D85C5E /* ViewController.swift in Sources */,
				3A49068A1CC0058900D85C5E /* Toast.swift in Sources */,
				3A4906641CBFFDF100D85C5E /* AppDelegate.swift in Sources */,
				3A49069B1CC1CB6B00D85C5E /* FPHandlesMOC.swift in Sources */,
				3A4906871CC0054600D85C5E /* BarCodeCalc.swift in Sources */,
			);
			runOnlyForDeploymentPostprocessing = 0;
		};
		3A4906731CBFFDF200D85C5E /* Sources */ = {
			isa = PBXSourcesBuildPhase;
			buildActionMask = 2147483647;
			files = (
				3A49069D1CC1CBEC00D85C5E /* PlistHelperTests.swift in Sources */,
				3A49067C1CBFFDF200D85C5E /* BarCodeCalcTests.swift in Sources */,
				3A49068D1CC1C93500D85C5E /* AlertHandlerTests.swift in Sources */,
			);
			runOnlyForDeploymentPostprocessing = 0;
		};
/* End PBXSourcesBuildPhase section */

/* Begin PBXTargetDependency section */
		3A4906791CBFFDF200D85C5E /* PBXTargetDependency */ = {
			isa = PBXTargetDependency;
			target = 3A49065F1CBFFDF100D85C5E /* Tubulus */;
			targetProxy = 3A4906781CBFFDF200D85C5E /* PBXContainerItemProxy */;
		};
/* End PBXTargetDependency section */

/* Begin PBXVariantGroup section */
		3A4906671CBFFDF100D85C5E /* Main.storyboard */ = {
			isa = PBXVariantGroup;
			children = (
				3A4906681CBFFDF100D85C5E /* Base */,
			);
			name = Main.storyboard;
			sourceTree = "<group>";
		};
		3A49066F1CBFFDF100D85C5E /* LaunchScreen.storyboard */ = {
			isa = PBXVariantGroup;
			children = (
				3A4906701CBFFDF100D85C5E /* Base */,
			);
			name = LaunchScreen.storyboard;
			sourceTree = "<group>";
		};
/* End PBXVariantGroup section */

/* Begin XCBuildConfiguration section */
		3A49067E1CBFFDF200D85C5E /* Debug */ = {
			isa = XCBuildConfiguration;
			buildSettings = {
				ALWAYS_SEARCH_USER_PATHS = NO;
				CLANG_ANALYZER_NONNULL = YES;
				CLANG_CXX_LANGUAGE_STANDARD = "gnu++0x";
				CLANG_CXX_LIBRARY = "libc++";
				CLANG_ENABLE_MODULES = YES;
				CLANG_ENABLE_OBJC_ARC = YES;
				CLANG_WARN_BOOL_CONVERSION = YES;
				CLANG_WARN_CONSTANT_CONVERSION = YES;
				CLANG_WARN_DIRECT_OBJC_ISA_USAGE = YES_ERROR;
				CLANG_WARN_EMPTY_BODY = YES;
				CLANG_WARN_ENUM_CONVERSION = YES;
				CLANG_WARN_INT_CONVERSION = YES;
				CLANG_WARN_OBJC_ROOT_CLASS = YES_ERROR;
				CLANG_WARN_UNREACHABLE_CODE = YES;
				CLANG_WARN__DUPLICATE_METHOD_MATCH = YES;
				"CODE_SIGN_IDENTITY[sdk=iphoneos*]" = "iPhone Developer";
				COPY_PHASE_STRIP = NO;
				DEBUG_INFORMATION_FORMAT = dwarf;
				ENABLE_STRICT_OBJC_MSGSEND = YES;
				ENABLE_TESTABILITY = YES;
				GCC_C_LANGUAGE_STANDARD = gnu99;
				GCC_DYNAMIC_NO_PIC = NO;
				GCC_NO_COMMON_BLOCKS = YES;
				GCC_OPTIMIZATION_LEVEL = 0;
				GCC_PREPROCESSOR_DEFINITIONS = (
					"DEBUG=1",
					"$(inherited)",
				);
				GCC_WARN_64_TO_32_BIT_CONVERSION = YES;
				GCC_WARN_ABOUT_RETURN_TYPE = YES_ERROR;
				GCC_WARN_UNDECLARED_SELECTOR = YES;
				GCC_WARN_UNINITIALIZED_AUTOS = YES_AGGRESSIVE;
				GCC_WARN_UNUSED_FUNCTION = YES;
				GCC_WARN_UNUSED_VARIABLE = YES;
				IPHONEOS_DEPLOYMENT_TARGET = 9.3;
				MTL_ENABLE_DEBUG_INFO = YES;
				ONLY_ACTIVE_ARCH = YES;
				SDKROOT = iphoneos;
				SWIFT_OPTIMIZATION_LEVEL = "-Onone";
			};
			name = Debug;
		};
		3A49067F1CBFFDF200D85C5E /* Release */ = {
			isa = XCBuildConfiguration;
			buildSettings = {
				ALWAYS_SEARCH_USER_PATHS = NO;
				CLANG_ANALYZER_NONNULL = YES;
				CLANG_CXX_LANGUAGE_STANDARD = "gnu++0x";
				CLANG_CXX_LIBRARY = "libc++";
				CLANG_ENABLE_MODULES = YES;
				CLANG_ENABLE_OBJC_ARC = YES;
				CLANG_WARN_BOOL_CONVERSION = YES;
				CLANG_WARN_CONSTANT_CONVERSION = YES;
				CLANG_WARN_DIRECT_OBJC_ISA_USAGE = YES_ERROR;
				CLANG_WARN_EMPTY_BODY = YES;
				CLANG_WARN_ENUM_CONVERSION = YES;
				CLANG_WARN_INT_CONVERSION = YES;
				CLANG_WARN_OBJC_ROOT_CLASS = YES_ERROR;
				CLANG_WARN_UNREACHABLE_CODE = YES;
				CLANG_WARN__DUPLICATE_METHOD_MATCH = YES;
				"CODE_SIGN_IDENTITY[sdk=iphoneos*]" = "iPhone Developer";
				COPY_PHASE_STRIP = NO;
				DEBUG_INFORMATION_FORMAT = "dwarf-with-dsym";
				ENABLE_NS_ASSERTIONS = NO;
				ENABLE_STRICT_OBJC_MSGSEND = YES;
				GCC_C_LANGUAGE_STANDARD = gnu99;
				GCC_NO_COMMON_BLOCKS = YES;
				GCC_WARN_64_TO_32_BIT_CONVERSION = YES;
				GCC_WARN_ABOUT_RETURN_TYPE = YES_ERROR;
				GCC_WARN_UNDECLARED_SELECTOR = YES;
				GCC_WARN_UNINITIALIZED_AUTOS = YES_AGGRESSIVE;
				GCC_WARN_UNUSED_FUNCTION = YES;
				GCC_WARN_UNUSED_VARIABLE = YES;
				IPHONEOS_DEPLOYMENT_TARGET = 9.3;
				MTL_ENABLE_DEBUG_INFO = NO;
				SDKROOT = iphoneos;
				VALIDATE_PRODUCT = YES;
			};
			name = Release;
		};
		3A4906811CBFFDF200D85C5E /* Debug */ = {
			isa = XCBuildConfiguration;
			baseConfigurationReference = 6504B621055F69ED870044AF /* Pods-Tubulus.debug.xcconfig */;
			buildSettings = {
				ASSETCATALOG_COMPILER_APPICON_NAME = AppIcon;
				INFOPLIST_FILE = Tubulus/Info.plist;
				IPHONEOS_DEPLOYMENT_TARGET = 8.0;
				LD_RUNPATH_SEARCH_PATHS = "$(inherited) @executable_path/Frameworks";
				PRODUCT_BUNDLE_IDENTIFIER = felipep.com.Tubulus;
				PRODUCT_NAME = "$(TARGET_NAME)";
			};
			name = Debug;
		};
		3A4906821CBFFDF200D85C5E /* Release */ = {
			isa = XCBuildConfiguration;
			baseConfigurationReference = 7F72E6EB5C2D4D11381452A9 /* Pods-Tubulus.release.xcconfig */;
			buildSettings = {
				ASSETCATALOG_COMPILER_APPICON_NAME = AppIcon;
				INFOPLIST_FILE = Tubulus/Info.plist;
				IPHONEOS_DEPLOYMENT_TARGET = 8.0;
				LD_RUNPATH_SEARCH_PATHS = "$(inherited) @executable_path/Frameworks";
				PRODUCT_BUNDLE_IDENTIFIER = felipep.com.Tubulus;
				PRODUCT_NAME = "$(TARGET_NAME)";
			};
			name = Release;
		};
		3A4906841CBFFDF200D85C5E /* Debug */ = {
			isa = XCBuildConfiguration;
			baseConfigurationReference = C4F057328314D3CB9732A1ED /* Pods-TubulusTests.debug.xcconfig */;
			buildSettings = {
				BUNDLE_LOADER = "$(TEST_HOST)";
				INFOPLIST_FILE = TubulusTests/Info.plist;
				LD_RUNPATH_SEARCH_PATHS = "$(inherited) @executable_path/Frameworks @loader_path/Frameworks";
				PRODUCT_BUNDLE_IDENTIFIER = felipep.com.TubulusTests;
				PRODUCT_NAME = "$(TARGET_NAME)";
				TEST_HOST = "$(BUILT_PRODUCTS_DIR)/Tubulus.app/Tubulus";
			};
			name = Debug;
		};
		3A4906851CBFFDF200D85C5E /* Release */ = {
			isa = XCBuildConfiguration;
			baseConfigurationReference = 2C3DEA43E6161EB8F732152B /* Pods-TubulusTests.release.xcconfig */;
			buildSettings = {
				BUNDLE_LOADER = "$(TEST_HOST)";
				INFOPLIST_FILE = TubulusTests/Info.plist;
				LD_RUNPATH_SEARCH_PATHS = "$(inherited) @executable_path/Frameworks @loader_path/Frameworks";
				PRODUCT_BUNDLE_IDENTIFIER = felipep.com.TubulusTests;
				PRODUCT_NAME = "$(TARGET_NAME)";
				TEST_HOST = "$(BUILT_PRODUCTS_DIR)/Tubulus.app/Tubulus";
			};
			name = Release;
		};
/* End XCBuildConfiguration section */

/* Begin XCConfigurationList section */
		3A49065B1CBFFDF100D85C5E /* Build configuration list for PBXProject "Tubulus" */ = {
			isa = XCConfigurationList;
			buildConfigurations = (
				3A49067E1CBFFDF200D85C5E /* Debug */,
				3A49067F1CBFFDF200D85C5E /* Release */,
			);
			defaultConfigurationIsVisible = 0;
			defaultConfigurationName = Release;
		};
		3A4906801CBFFDF200D85C5E /* Build configuration list for PBXNativeTarget "Tubulus" */ = {
			isa = XCConfigurationList;
			buildConfigurations = (
				3A4906811CBFFDF200D85C5E /* Debug */,
				3A4906821CBFFDF200D85C5E /* Release */,
			);
			defaultConfigurationIsVisible = 0;
			defaultConfigurationName = Release;
		};
		3A4906831CBFFDF200D85C5E /* Build configuration list for PBXNativeTarget "TubulusTests" */ = {
			isa = XCConfigurationList;
			buildConfigurations = (
				3A4906841CBFFDF200D85C5E /* Debug */,
				3A4906851CBFFDF200D85C5E /* Release */,
			);
			defaultConfigurationIsVisible = 0;
			defaultConfigurationName = Release;
		};
/* End XCConfigurationList section */

/* Begin XCVersionGroup section */
		3A49066A1CBFFDF100D85C5E /* Tubulus.xcdatamodeld */ = {
			isa = XCVersionGroup;
			children = (
				3A49066B1CBFFDF100D85C5E /* Tubulus.xcdatamodel */,
			);
			currentVersion = 3A49066B1CBFFDF100D85C5E /* Tubulus.xcdatamodel */;
			path = Tubulus.xcdatamodeld;
			sourceTree = "<group>";
			versionGroupType = wrapper.xcdatamodel;
		};
/* End XCVersionGroup section */
	};
	rootObject = 3A4906581CBFFDF100D85C5E /* Project object */;
}
